// !$*UTF8*$!
{
	archiveVersion = 1;
	classes = {
	};
	objectVersion = 56;
	objects = {

/* Begin PBXBuildFile section */
		2C2135592C7992DA0076D82F /* CustomHeaderView.swift in Sources */ = {isa = PBXBuildFile; fileRef = 2C2135582C7992DA0076D82F /* CustomHeaderView.swift */; };
		2C21355D2C799E870076D82F /* CustomAvatarHeader.swift in Sources */ = {isa = PBXBuildFile; fileRef = 2C21355C2C799E870076D82F /* CustomAvatarHeader.swift */; };
		2C21355F2C799F8E0076D82F /* CircleImageView.swift in Sources */ = {isa = PBXBuildFile; fileRef = 2C21355E2C799F8E0076D82F /* CircleImageView.swift */; };
		2C255F0D2CAD598000280EE9 /* Cart.swift in Sources */ = {isa = PBXBuildFile; fileRef = 2C255F0C2CAD598000280EE9 /* Cart.swift */; };
		2C37F6042C8ED898003D7468 /* AuctionDetailScreen.swift in Sources */ = {isa = PBXBuildFile; fileRef = 2C37F6032C8ED898003D7468 /* AuctionDetailScreen.swift */; };
		2C37F6082C8EDB41003D7468 /* ItemDetailScreen.swift in Sources */ = {isa = PBXBuildFile; fileRef = 2C37F6072C8EDB41003D7468 /* ItemDetailScreen.swift */; };
		2C37F60A2C8EE189003D7468 /* PictureSlider.swift in Sources */ = {isa = PBXBuildFile; fileRef = 2C37F6092C8EE189003D7468 /* PictureSlider.swift */; };
		2C37F60C2C8EEB85003D7468 /* RatingView.swift in Sources */ = {isa = PBXBuildFile; fileRef = 2C37F60B2C8EEB85003D7468 /* RatingView.swift */; };
		2C37F60E2C8EF94B003D7468 /* RateItem.swift in Sources */ = {isa = PBXBuildFile; fileRef = 2C37F60D2C8EF94B003D7468 /* RateItem.swift */; };
		2C439FD52C97D2A600BE7DEE /* AuctionRoomScreen.swift in Sources */ = {isa = PBXBuildFile; fileRef = 2C439FD42C97D2A600BE7DEE /* AuctionRoomScreen.swift */; };
		2C439FD72C97D34400BE7DEE /* AuctionRoomItem.swift in Sources */ = {isa = PBXBuildFile; fileRef = 2C439FD62C97D34400BE7DEE /* AuctionRoomItem.swift */; };
		2C439FD92C97D99B00BE7DEE /* AuctionRoomDetailScreen.swift in Sources */ = {isa = PBXBuildFile; fileRef = 2C439FD82C97D99B00BE7DEE /* AuctionRoomDetailScreen.swift */; };
		2C4888672CA3D0A7009E93E6 /* RecommendSectionHeader.swift in Sources */ = {isa = PBXBuildFile; fileRef = 2C4888662CA3D0A6009E93E6 /* RecommendSectionHeader.swift */; };
		2C5540612CA4032400F39C0E /* OrderHistoryScreen.swift in Sources */ = {isa = PBXBuildFile; fileRef = 2C5540602CA4032400F39C0E /* OrderHistoryScreen.swift */; };
		2C5920ED2CA794FA004E996F /* DeliveredOrderRowView.swift in Sources */ = {isa = PBXBuildFile; fileRef = 2C5920EC2CA794FA004E996F /* DeliveredOrderRowView.swift */; };
		2C5920F02CA7982C004E996F /* TransactionHistoryScreen.swift in Sources */ = {isa = PBXBuildFile; fileRef = 2C5920EF2CA7982C004E996F /* TransactionHistoryScreen.swift */; };
		2C5920F22CA79913004E996F /* TransactionHeader.swift in Sources */ = {isa = PBXBuildFile; fileRef = 2C5920F12CA79913004E996F /* TransactionHeader.swift */; };
		2C605DE52C9AFF410030895B /* ChatScreen.swift in Sources */ = {isa = PBXBuildFile; fileRef = 2C605DE42C9AFF410030895B /* ChatScreen.swift */; };
		2C605DE82C9B08880030895B /* MyChatBox.swift in Sources */ = {isa = PBXBuildFile; fileRef = 2C605DE72C9B08880030895B /* MyChatBox.swift */; };
		2C605DEA2C9B08FD0030895B /* PartnerChatBox.swift in Sources */ = {isa = PBXBuildFile; fileRef = 2C605DE92C9B08FD0030895B /* PartnerChatBox.swift */; };
		2C605DEC2C9B0C1C0030895B /* TimelineBox.swift in Sources */ = {isa = PBXBuildFile; fileRef = 2C605DEB2C9B0C1C0030895B /* TimelineBox.swift */; };
		2C68E1F12C8C204900C8D0A0 /* AuctionScreen.swift in Sources */ = {isa = PBXBuildFile; fileRef = 2C68E1F02C8C204900C8D0A0 /* AuctionScreen.swift */; };
		2C68E1F42C8C2FB900C8D0A0 /* ItemBuyScreen.swift in Sources */ = {isa = PBXBuildFile; fileRef = 2C68E1F32C8C2FB900C8D0A0 /* ItemBuyScreen.swift */; };
		2C68E1F62C8C366D00C8D0A0 /* ToBuyItem.swift in Sources */ = {isa = PBXBuildFile; fileRef = 2C68E1F52C8C366D00C8D0A0 /* ToBuyItem.swift */; };
		2C6B245F2CA3E9070021CA98 /* NotificationScreen.swift in Sources */ = {isa = PBXBuildFile; fileRef = 2C6B245E2CA3E9070021CA98 /* NotificationScreen.swift */; };
		2C6B24612CA3F09D0021CA98 /* NotificationRow.swift in Sources */ = {isa = PBXBuildFile; fileRef = 2C6B24602CA3F09D0021CA98 /* NotificationRow.swift */; };
		2C6B24632CA3F3020021CA98 /* SingleHeaderView.swift in Sources */ = {isa = PBXBuildFile; fileRef = 2C6B24622CA3F3020021CA98 /* SingleHeaderView.swift */; };
		2C6C176D2C91E3F6004DB795 /* TimerView.swift in Sources */ = {isa = PBXBuildFile; fileRef = 2C6C176C2C91E3F6004DB795 /* TimerView.swift */; };
		2C6E99002C8BB37A00241F9C /* RecomendGrid.swift in Sources */ = {isa = PBXBuildFile; fileRef = 2C6E98FF2C8BB37A00241F9C /* RecomendGrid.swift */; };
		2C7330DE2C89598100A0F092 /* HomeScreen.swift in Sources */ = {isa = PBXBuildFile; fileRef = 2C7330DD2C89598100A0F092 /* HomeScreen.swift */; };
		2C7330E22C8962E600A0F092 /* SearchBar.swift in Sources */ = {isa = PBXBuildFile; fileRef = 2C7330E12C8962E600A0F092 /* SearchBar.swift */; };
		2C7330E42C89646100A0F092 /* HomeHeader.swift in Sources */ = {isa = PBXBuildFile; fileRef = 2C7330E32C89646100A0F092 /* HomeHeader.swift */; };
		2C7330E62C896B9A00A0F092 /* FlashSale.swift in Sources */ = {isa = PBXBuildFile; fileRef = 2C7330E52C896B9A00A0F092 /* FlashSale.swift */; };
		2C7330E82C896E8500A0F092 /* FlashSaleItem.swift in Sources */ = {isa = PBXBuildFile; fileRef = 2C7330E72C896E8500A0F092 /* FlashSaleItem.swift */; };
		2C78D6002C7D662000204BFE /* CustomButtonImage.swift in Sources */ = {isa = PBXBuildFile; fileRef = 2C78D5FF2C7D662000204BFE /* CustomButtonImage.swift */; };
		2C78D6022C7D6C8E00204BFE /* CustomSettingNavigationLink.swift in Sources */ = {isa = PBXBuildFile; fileRef = 2C78D6012C7D6C8E00204BFE /* CustomSettingNavigationLink.swift */; };
		2C7900542CA79FA90015B320 /* OrderButtonLabel.swift in Sources */ = {isa = PBXBuildFile; fileRef = 2C7900532CA79FA90015B320 /* OrderButtonLabel.swift */; };
		2C7900562CA7A01B0015B320 /* CustomButtonImageLabel.swift in Sources */ = {isa = PBXBuildFile; fileRef = 2C7900552CA7A01B0015B320 /* CustomButtonImageLabel.swift */; };
		2C7900582CA7A3E00015B320 /* TransactionTypeStack.swift in Sources */ = {isa = PBXBuildFile; fileRef = 2C7900572CA7A3E00015B320 /* TransactionTypeStack.swift */; };
		2C7EDB482C894A8B005CCAEB /* MainTabView.swift in Sources */ = {isa = PBXBuildFile; fileRef = 2C7EDB472C894A8B005CCAEB /* MainTabView.swift */; };
		2C82C96B2CB01E8A009784D8 /* Alamofire in Frameworks */ = {isa = PBXBuildFile; productRef = 2C82C96A2CB01E8A009784D8 /* Alamofire */; };
		2C82C96F2CB01ED4009784D8 /* APIManager.swift in Sources */ = {isa = PBXBuildFile; fileRef = 2C82C96E2CB01ED4009784D8 /* APIManager.swift */; };
		2C82C9722CB01EE7009784D8 /* LoginAPI.swift in Sources */ = {isa = PBXBuildFile; fileRef = 2C82C9702CB01EE7009784D8 /* LoginAPI.swift */; };
		2C82C9752CB01F20009784D8 /* LoginViewModel.swift in Sources */ = {isa = PBXBuildFile; fileRef = 2C82C9732CB01F20009784D8 /* LoginViewModel.swift */; };
		2C8BC30D2CA7D9A30082F075 /* TransactionRow.swift in Sources */ = {isa = PBXBuildFile; fileRef = 2C8BC30C2CA7D9A30082F075 /* TransactionRow.swift */; };
		2C8BC3102CA7DDFA0082F075 /* CartScreen.swift in Sources */ = {isa = PBXBuildFile; fileRef = 2C8BC30F2CA7DDFA0082F075 /* CartScreen.swift */; };
		2C8F5B7C2CA2DED100ACF578 /* KeyboardAdaptive.swift in Sources */ = {isa = PBXBuildFile; fileRef = 2C8F5B7A2CA2DED100ACF578 /* KeyboardAdaptive.swift */; };
		2C8F5B7D2CA2DED100ACF578 /* KeyboardResponder.swift in Sources */ = {isa = PBXBuildFile; fileRef = 2C8F5B7B2CA2DED100ACF578 /* KeyboardResponder.swift */; };
		2C9A5A4A2CBFE1FC008C4485 /* User.swift in Sources */ = {isa = PBXBuildFile; fileRef = 2C9A5A492CBFE1FC008C4485 /* User.swift */; };
		2CA48EF52C76F2DC00569212 /* BorderTextField.swift in Sources */ = {isa = PBXBuildFile; fileRef = 2CA48EF42C76F2DC00569212 /* BorderTextField.swift */; };
		2CAA6AAB2CB0223500003EC1 /* APIManager.swift in Sources */ = {isa = PBXBuildFile; fileRef = 2CAA6AAA2CB0223500003EC1 /* APIManager.swift */; };
		2CAA6AAE2CB0224100003EC1 /* LoginViewModel.swift in Sources */ = {isa = PBXBuildFile; fileRef = 2CAA6AAC2CB0224100003EC1 /* LoginViewModel.swift */; };
		2CAA6AB12CB0226700003EC1 /* LoginAPI.swift in Sources */ = {isa = PBXBuildFile; fileRef = 2CAA6AAF2CB0226700003EC1 /* LoginAPI.swift */; };
		2CAA6AB42CB022E300003EC1 /* Alamofire in Frameworks */ = {isa = PBXBuildFile; productRef = 2CAA6AB32CB022E200003EC1 /* Alamofire */; };
		2CAA6AB82CB0321000003EC1 /* UserSession.swift in Sources */ = {isa = PBXBuildFile; fileRef = 2CAA6AB72CB0321000003EC1 /* UserSession.swift */; };
		2CAA6ABB2CB0334E00003EC1 /* NamingConstant.swift in Sources */ = {isa = PBXBuildFile; fileRef = 2CAA6ABA2CB0334E00003EC1 /* NamingConstant.swift */; };
		2CAD5A652CABA9030038F795 /* RatingSubmitView.swift in Sources */ = {isa = PBXBuildFile; fileRef = 2CAD5A642CABA9030038F795 /* RatingSubmitView.swift */; };
		2CAD5A672CABAAA50038F795 /* RatingStarSubmitionView.swift in Sources */ = {isa = PBXBuildFile; fileRef = 2CAD5A662CABAAA50038F795 /* RatingStarSubmitionView.swift */; };
		2CB1063A2CB10B9000D4C07B /* WebSocketManager.swift in Sources */ = {isa = PBXBuildFile; fileRef = 2CB106392CB10B9000D4C07B /* WebSocketManager.swift */; };
		2CB4ED0D2C928AA10065BACC /* AuctionDetailItem.swift in Sources */ = {isa = PBXBuildFile; fileRef = 2CB4ED0C2C928AA10065BACC /* AuctionDetailItem.swift */; };
		2CB7EC032C9F0924000E1407 /* FooterToolBar.swift in Sources */ = {isa = PBXBuildFile; fileRef = 2CB7EC022C9F0924000E1407 /* FooterToolBar.swift */; };
		2CBFCE672C79D1FB00FB73CA /* ProfileScreen.swift in Sources */ = {isa = PBXBuildFile; fileRef = 2CBFCE662C79D1FB00FB73CA /* ProfileScreen.swift */; };
		2CC5A2272C5A019300D0035D /* EppoApp.swift in Sources */ = {isa = PBXBuildFile; fileRef = 2CC5A2262C5A019300D0035D /* EppoApp.swift */; };
		2CC5A2292C5A019300D0035D /* LoginScreen.swift in Sources */ = {isa = PBXBuildFile; fileRef = 2CC5A2282C5A019300D0035D /* LoginScreen.swift */; };
		2CC5A22B2C5A019500D0035D /* Assets.xcassets in Resources */ = {isa = PBXBuildFile; fileRef = 2CC5A22A2C5A019500D0035D /* Assets.xcassets */; };
		2CC5A22E2C5A019500D0035D /* Preview Assets.xcassets in Resources */ = {isa = PBXBuildFile; fileRef = 2CC5A22D2C5A019500D0035D /* Preview Assets.xcassets */; };
		2CDB80992C9143AE0006D3E6 /* ToAuctionItem.swift in Sources */ = {isa = PBXBuildFile; fileRef = 2CDB80982C9143AE0006D3E6 /* ToAuctionItem.swift */; };
		2CDC7E032C77F31100028AC8 /* ActiveScreen.swift in Sources */ = {isa = PBXBuildFile; fileRef = 2CDC7E022C77F31100028AC8 /* ActiveScreen.swift */; };
		2CDD314E2C87085900B731E0 /* MyAccount.swift in Sources */ = {isa = PBXBuildFile; fileRef = 2CDD314D2C87085900B731E0 /* MyAccount.swift */; };
		2CDD31552C871FB500B731E0 /* GenderRadioButton.swift in Sources */ = {isa = PBXBuildFile; fileRef = 2CDD31542C871FB500B731E0 /* GenderRadioButton.swift */; };
		2CDD31572C87297000B731E0 /* EditAvatarButton.swift in Sources */ = {isa = PBXBuildFile; fileRef = 2CDD31562C87297000B731E0 /* EditAvatarButton.swift */; };
		2CDE59F92CB0EA8A00CA7FFB /* ProfileViewModel.swift in Sources */ = {isa = PBXBuildFile; fileRef = 2CDE59F82CB0EA8A00CA7FFB /* ProfileViewModel.swift */; };
		2CED22E02C7C34D70065025B /* ContentBox.swift in Sources */ = {isa = PBXBuildFile; fileRef = 2CED22DF2C7C34D70065025B /* ContentBox.swift */; };
		2CED22E22C7C358E0065025B /* BalanceBox.swift in Sources */ = {isa = PBXBuildFile; fileRef = 2CED22E12C7C358E0065025B /* BalanceBox.swift */; };
		2CEDE5262CAE295700F98469 /* CartItemView.swift in Sources */ = {isa = PBXBuildFile; fileRef = 2CEDE5252CAE295700F98469 /* CartItemView.swift */; };
/* End PBXBuildFile section */

/* Begin PBXFileReference section */
		2C2135582C7992DA0076D82F /* CustomHeaderView.swift */ = {isa = PBXFileReference; lastKnownFileType = sourcecode.swift; path = CustomHeaderView.swift; sourceTree = "<group>"; };
		2C21355C2C799E870076D82F /* CustomAvatarHeader.swift */ = {isa = PBXFileReference; lastKnownFileType = sourcecode.swift; path = CustomAvatarHeader.swift; sourceTree = "<group>"; };
		2C21355E2C799F8E0076D82F /* CircleImageView.swift */ = {isa = PBXFileReference; lastKnownFileType = sourcecode.swift; path = CircleImageView.swift; sourceTree = "<group>"; };
		2C255F0C2CAD598000280EE9 /* Cart.swift */ = {isa = PBXFileReference; lastKnownFileType = sourcecode.swift; path = Cart.swift; sourceTree = "<group>"; };
		2C37F6032C8ED898003D7468 /* AuctionDetailScreen.swift */ = {isa = PBXFileReference; lastKnownFileType = sourcecode.swift; path = AuctionDetailScreen.swift; sourceTree = "<group>"; };
		2C37F6072C8EDB41003D7468 /* ItemDetailScreen.swift */ = {isa = PBXFileReference; lastKnownFileType = sourcecode.swift; path = ItemDetailScreen.swift; sourceTree = "<group>"; };
		2C37F6092C8EE189003D7468 /* PictureSlider.swift */ = {isa = PBXFileReference; lastKnownFileType = sourcecode.swift; path = PictureSlider.swift; sourceTree = "<group>"; };
		2C37F60B2C8EEB85003D7468 /* RatingView.swift */ = {isa = PBXFileReference; lastKnownFileType = sourcecode.swift; path = RatingView.swift; sourceTree = "<group>"; };
		2C37F60D2C8EF94B003D7468 /* RateItem.swift */ = {isa = PBXFileReference; lastKnownFileType = sourcecode.swift; path = RateItem.swift; sourceTree = "<group>"; };
		2C439FD42C97D2A600BE7DEE /* AuctionRoomScreen.swift */ = {isa = PBXFileReference; lastKnownFileType = sourcecode.swift; path = AuctionRoomScreen.swift; sourceTree = "<group>"; };
		2C439FD62C97D34400BE7DEE /* AuctionRoomItem.swift */ = {isa = PBXFileReference; lastKnownFileType = sourcecode.swift; path = AuctionRoomItem.swift; sourceTree = "<group>"; };
		2C439FD82C97D99B00BE7DEE /* AuctionRoomDetailScreen.swift */ = {isa = PBXFileReference; lastKnownFileType = sourcecode.swift; path = AuctionRoomDetailScreen.swift; sourceTree = "<group>"; };
		2C4888662CA3D0A6009E93E6 /* RecommendSectionHeader.swift */ = {isa = PBXFileReference; lastKnownFileType = sourcecode.swift; path = RecommendSectionHeader.swift; sourceTree = "<group>"; };
		2C5540602CA4032400F39C0E /* OrderHistoryScreen.swift */ = {isa = PBXFileReference; lastKnownFileType = sourcecode.swift; path = OrderHistoryScreen.swift; sourceTree = "<group>"; };
		2C5920EC2CA794FA004E996F /* DeliveredOrderRowView.swift */ = {isa = PBXFileReference; lastKnownFileType = sourcecode.swift; path = DeliveredOrderRowView.swift; sourceTree = "<group>"; };
		2C5920EF2CA7982C004E996F /* TransactionHistoryScreen.swift */ = {isa = PBXFileReference; lastKnownFileType = sourcecode.swift; path = TransactionHistoryScreen.swift; sourceTree = "<group>"; };
		2C5920F12CA79913004E996F /* TransactionHeader.swift */ = {isa = PBXFileReference; lastKnownFileType = sourcecode.swift; path = TransactionHeader.swift; sourceTree = "<group>"; };
		2C605DE42C9AFF410030895B /* ChatScreen.swift */ = {isa = PBXFileReference; lastKnownFileType = sourcecode.swift; path = ChatScreen.swift; sourceTree = "<group>"; };
		2C605DE72C9B08880030895B /* MyChatBox.swift */ = {isa = PBXFileReference; lastKnownFileType = sourcecode.swift; path = MyChatBox.swift; sourceTree = "<group>"; };
		2C605DE92C9B08FD0030895B /* PartnerChatBox.swift */ = {isa = PBXFileReference; lastKnownFileType = sourcecode.swift; path = PartnerChatBox.swift; sourceTree = "<group>"; };
		2C605DEB2C9B0C1C0030895B /* TimelineBox.swift */ = {isa = PBXFileReference; lastKnownFileType = sourcecode.swift; path = TimelineBox.swift; sourceTree = "<group>"; };
		2C68E1F02C8C204900C8D0A0 /* AuctionScreen.swift */ = {isa = PBXFileReference; lastKnownFileType = sourcecode.swift; path = AuctionScreen.swift; sourceTree = "<group>"; };
		2C68E1F32C8C2FB900C8D0A0 /* ItemBuyScreen.swift */ = {isa = PBXFileReference; lastKnownFileType = sourcecode.swift; path = ItemBuyScreen.swift; sourceTree = "<group>"; };
		2C68E1F52C8C366D00C8D0A0 /* ToBuyItem.swift */ = {isa = PBXFileReference; lastKnownFileType = sourcecode.swift; path = ToBuyItem.swift; sourceTree = "<group>"; };
		2C6B245E2CA3E9070021CA98 /* NotificationScreen.swift */ = {isa = PBXFileReference; lastKnownFileType = sourcecode.swift; path = NotificationScreen.swift; sourceTree = "<group>"; };
		2C6B24602CA3F09D0021CA98 /* NotificationRow.swift */ = {isa = PBXFileReference; lastKnownFileType = sourcecode.swift; path = NotificationRow.swift; sourceTree = "<group>"; };
		2C6B24622CA3F3020021CA98 /* SingleHeaderView.swift */ = {isa = PBXFileReference; lastKnownFileType = sourcecode.swift; path = SingleHeaderView.swift; sourceTree = "<group>"; };
		2C6C176C2C91E3F6004DB795 /* TimerView.swift */ = {isa = PBXFileReference; lastKnownFileType = sourcecode.swift; path = TimerView.swift; sourceTree = "<group>"; };
		2C6E98FF2C8BB37A00241F9C /* RecomendGrid.swift */ = {isa = PBXFileReference; lastKnownFileType = sourcecode.swift; path = RecomendGrid.swift; sourceTree = "<group>"; };
		2C7330DD2C89598100A0F092 /* HomeScreen.swift */ = {isa = PBXFileReference; lastKnownFileType = sourcecode.swift; path = HomeScreen.swift; sourceTree = "<group>"; };
		2C7330E12C8962E600A0F092 /* SearchBar.swift */ = {isa = PBXFileReference; lastKnownFileType = sourcecode.swift; path = SearchBar.swift; sourceTree = "<group>"; };
		2C7330E32C89646100A0F092 /* HomeHeader.swift */ = {isa = PBXFileReference; lastKnownFileType = sourcecode.swift; path = HomeHeader.swift; sourceTree = "<group>"; };
		2C7330E52C896B9A00A0F092 /* FlashSale.swift */ = {isa = PBXFileReference; lastKnownFileType = sourcecode.swift; path = FlashSale.swift; sourceTree = "<group>"; };
		2C7330E72C896E8500A0F092 /* FlashSaleItem.swift */ = {isa = PBXFileReference; lastKnownFileType = sourcecode.swift; path = FlashSaleItem.swift; sourceTree = "<group>"; };
		2C78D5FF2C7D662000204BFE /* CustomButtonImage.swift */ = {isa = PBXFileReference; lastKnownFileType = sourcecode.swift; path = CustomButtonImage.swift; sourceTree = "<group>"; };
		2C78D6012C7D6C8E00204BFE /* CustomSettingNavigationLink.swift */ = {isa = PBXFileReference; lastKnownFileType = sourcecode.swift; path = CustomSettingNavigationLink.swift; sourceTree = "<group>"; };
		2C7900532CA79FA90015B320 /* OrderButtonLabel.swift */ = {isa = PBXFileReference; lastKnownFileType = sourcecode.swift; path = OrderButtonLabel.swift; sourceTree = "<group>"; };
		2C7900552CA7A01B0015B320 /* CustomButtonImageLabel.swift */ = {isa = PBXFileReference; lastKnownFileType = sourcecode.swift; path = CustomButtonImageLabel.swift; sourceTree = "<group>"; };
		2C7900572CA7A3E00015B320 /* TransactionTypeStack.swift */ = {isa = PBXFileReference; lastKnownFileType = sourcecode.swift; path = TransactionTypeStack.swift; sourceTree = "<group>"; };
		2C7EDB472C894A8B005CCAEB /* MainTabView.swift */ = {isa = PBXFileReference; lastKnownFileType = sourcecode.swift; path = MainTabView.swift; sourceTree = "<group>"; };
		2C82C96E2CB01ED4009784D8 /* APIManager.swift */ = {isa = PBXFileReference; fileEncoding = 4; lastKnownFileType = sourcecode.swift; name = APIManager.swift; path = ../../../APIManager.swift; sourceTree = "<group>"; };
		2C82C9702CB01EE7009784D8 /* LoginAPI.swift */ = {isa = PBXFileReference; fileEncoding = 4; lastKnownFileType = sourcecode.swift; path = LoginAPI.swift; sourceTree = "<group>"; };
		2C82C9732CB01F20009784D8 /* LoginViewModel.swift */ = {isa = PBXFileReference; fileEncoding = 4; lastKnownFileType = sourcecode.swift; path = LoginViewModel.swift; sourceTree = "<group>"; };
		2C8BC30C2CA7D9A30082F075 /* TransactionRow.swift */ = {isa = PBXFileReference; lastKnownFileType = sourcecode.swift; path = TransactionRow.swift; sourceTree = "<group>"; };
		2C8BC30F2CA7DDFA0082F075 /* CartScreen.swift */ = {isa = PBXFileReference; lastKnownFileType = sourcecode.swift; path = CartScreen.swift; sourceTree = "<group>"; };
		2C8F5B7A2CA2DED100ACF578 /* KeyboardAdaptive.swift */ = {isa = PBXFileReference; fileEncoding = 4; lastKnownFileType = sourcecode.swift; path = KeyboardAdaptive.swift; sourceTree = "<group>"; };
		2C8F5B7B2CA2DED100ACF578 /* KeyboardResponder.swift */ = {isa = PBXFileReference; fileEncoding = 4; lastKnownFileType = sourcecode.swift; path = KeyboardResponder.swift; sourceTree = "<group>"; };
		2C9A5A492CBFE1FC008C4485 /* User.swift */ = {isa = PBXFileReference; lastKnownFileType = sourcecode.swift; path = User.swift; sourceTree = "<group>"; };
		2CA48EF42C76F2DC00569212 /* BorderTextField.swift */ = {isa = PBXFileReference; lastKnownFileType = sourcecode.swift; path = BorderTextField.swift; sourceTree = "<group>"; };
		2CAA6AAA2CB0223500003EC1 /* APIManager.swift */ = {isa = PBXFileReference; fileEncoding = 4; lastKnownFileType = sourcecode.swift; path = APIManager.swift; sourceTree = "<group>"; };
		2CAA6AAC2CB0224100003EC1 /* LoginViewModel.swift */ = {isa = PBXFileReference; fileEncoding = 4; lastKnownFileType = sourcecode.swift; path = LoginViewModel.swift; sourceTree = "<group>"; };
		2CAA6AAF2CB0226700003EC1 /* LoginAPI.swift */ = {isa = PBXFileReference; fileEncoding = 4; lastKnownFileType = sourcecode.swift; path = LoginAPI.swift; sourceTree = "<group>"; };
		2CAA6AB72CB0321000003EC1 /* UserSession.swift */ = {isa = PBXFileReference; lastKnownFileType = sourcecode.swift; path = UserSession.swift; sourceTree = "<group>"; };
		2CAA6ABA2CB0334E00003EC1 /* NamingConstant.swift */ = {isa = PBXFileReference; lastKnownFileType = sourcecode.swift; path = NamingConstant.swift; sourceTree = "<group>"; };
		2CAD5A642CABA9030038F795 /* RatingSubmitView.swift */ = {isa = PBXFileReference; lastKnownFileType = sourcecode.swift; path = RatingSubmitView.swift; sourceTree = "<group>"; };
		2CAD5A662CABAAA50038F795 /* RatingStarSubmitionView.swift */ = {isa = PBXFileReference; lastKnownFileType = sourcecode.swift; path = RatingStarSubmitionView.swift; sourceTree = "<group>"; };
		2CAD5A682CABC3900038F795 /* Info.plist */ = {isa = PBXFileReference; lastKnownFileType = text.plist; path = Info.plist; sourceTree = "<group>"; };
		2CB106392CB10B9000D4C07B /* WebSocketManager.swift */ = {isa = PBXFileReference; lastKnownFileType = sourcecode.swift; path = WebSocketManager.swift; sourceTree = "<group>"; };
		2CB4ED0C2C928AA10065BACC /* AuctionDetailItem.swift */ = {isa = PBXFileReference; lastKnownFileType = sourcecode.swift; path = AuctionDetailItem.swift; sourceTree = "<group>"; };
		2CB7EC022C9F0924000E1407 /* FooterToolBar.swift */ = {isa = PBXFileReference; lastKnownFileType = sourcecode.swift; path = FooterToolBar.swift; sourceTree = "<group>"; };
		2CBFCE662C79D1FB00FB73CA /* ProfileScreen.swift */ = {isa = PBXFileReference; lastKnownFileType = sourcecode.swift; path = ProfileScreen.swift; sourceTree = "<group>"; };
		2CC5A2232C5A019300D0035D /* Eppo.app */ = {isa = PBXFileReference; explicitFileType = wrapper.application; includeInIndex = 0; path = Eppo.app; sourceTree = BUILT_PRODUCTS_DIR; };
		2CC5A2262C5A019300D0035D /* EppoApp.swift */ = {isa = PBXFileReference; lastKnownFileType = sourcecode.swift; path = EppoApp.swift; sourceTree = "<group>"; };
		2CC5A2282C5A019300D0035D /* LoginScreen.swift */ = {isa = PBXFileReference; lastKnownFileType = sourcecode.swift; path = LoginScreen.swift; sourceTree = "<group>"; };
		2CC5A22A2C5A019500D0035D /* Assets.xcassets */ = {isa = PBXFileReference; lastKnownFileType = folder.assetcatalog; path = Assets.xcassets; sourceTree = "<group>"; };
		2CC5A22D2C5A019500D0035D /* Preview Assets.xcassets */ = {isa = PBXFileReference; lastKnownFileType = folder.assetcatalog; path = "Preview Assets.xcassets"; sourceTree = "<group>"; };
		2CDB80982C9143AE0006D3E6 /* ToAuctionItem.swift */ = {isa = PBXFileReference; lastKnownFileType = sourcecode.swift; path = ToAuctionItem.swift; sourceTree = "<group>"; };
		2CDC7E022C77F31100028AC8 /* ActiveScreen.swift */ = {isa = PBXFileReference; lastKnownFileType = sourcecode.swift; path = ActiveScreen.swift; sourceTree = "<group>"; };
		2CDD314D2C87085900B731E0 /* MyAccount.swift */ = {isa = PBXFileReference; lastKnownFileType = sourcecode.swift; path = MyAccount.swift; sourceTree = "<group>"; };
		2CDD31542C871FB500B731E0 /* GenderRadioButton.swift */ = {isa = PBXFileReference; lastKnownFileType = sourcecode.swift; path = GenderRadioButton.swift; sourceTree = "<group>"; };
		2CDD31562C87297000B731E0 /* EditAvatarButton.swift */ = {isa = PBXFileReference; lastKnownFileType = sourcecode.swift; path = EditAvatarButton.swift; sourceTree = "<group>"; };
		2CDE59F82CB0EA8A00CA7FFB /* ProfileViewModel.swift */ = {isa = PBXFileReference; lastKnownFileType = sourcecode.swift; path = ProfileViewModel.swift; sourceTree = "<group>"; };
		2CED22DF2C7C34D70065025B /* ContentBox.swift */ = {isa = PBXFileReference; lastKnownFileType = sourcecode.swift; path = ContentBox.swift; sourceTree = "<group>"; };
		2CED22E12C7C358E0065025B /* BalanceBox.swift */ = {isa = PBXFileReference; lastKnownFileType = sourcecode.swift; path = BalanceBox.swift; sourceTree = "<group>"; };
		2CEDE5252CAE295700F98469 /* CartItemView.swift */ = {isa = PBXFileReference; lastKnownFileType = sourcecode.swift; path = CartItemView.swift; sourceTree = "<group>"; };
/* End PBXFileReference section */

/* Begin PBXFrameworksBuildPhase section */
		2CC5A2202C5A019300D0035D /* Frameworks */ = {
			isa = PBXFrameworksBuildPhase;
			buildActionMask = 2147483647;
			files = (
<<<<<<< Updated upstream
				2CAA6AB42CB022E300003EC1 /* Alamofire in Frameworks */,
=======
				2C82C96B2CB01E8A009784D8 /* Alamofire in Frameworks */,
>>>>>>> Stashed changes
			);
			runOnlyForDeploymentPostprocessing = 0;
		};
/* End PBXFrameworksBuildPhase section */

/* Begin PBXGroup section */
		2C55405F2CA4030800F39C0E /* Order */ = {
			isa = PBXGroup;
			children = (
				2C5540602CA4032400F39C0E /* OrderHistoryScreen.swift */,
				2C5920EC2CA794FA004E996F /* DeliveredOrderRowView.swift */,
				2C7900532CA79FA90015B320 /* OrderButtonLabel.swift */,
				2CAD5A642CABA9030038F795 /* RatingSubmitView.swift */,
				2CAD5A662CABAAA50038F795 /* RatingStarSubmitionView.swift */,
			);
			path = Order;
			sourceTree = "<group>";
		};
		2C5920EE2CA7980F004E996F /* Transaction */ = {
			isa = PBXGroup;
			children = (
				2C5920EF2CA7982C004E996F /* TransactionHistoryScreen.swift */,
				2C5920F12CA79913004E996F /* TransactionHeader.swift */,
				2C7900572CA7A3E00015B320 /* TransactionTypeStack.swift */,
				2C8BC30C2CA7D9A30082F075 /* TransactionRow.swift */,
			);
			path = Transaction;
			sourceTree = "<group>";
		};
		2C605DE62C9B07AD0030895B /* Chat */ = {
			isa = PBXGroup;
			children = (
				2C605DE42C9AFF410030895B /* ChatScreen.swift */,
				2C605DE72C9B08880030895B /* MyChatBox.swift */,
				2C605DE92C9B08FD0030895B /* PartnerChatBox.swift */,
				2C605DEB2C9B0C1C0030895B /* TimelineBox.swift */,
				2CB7EC022C9F0924000E1407 /* FooterToolBar.swift */,
			);
			path = Chat;
			sourceTree = "<group>";
		};
		2C68E1EF2C8C203C00C8D0A0 /* Auction */ = {
			isa = PBXGroup;
			children = (
				2C68E1F02C8C204900C8D0A0 /* AuctionScreen.swift */,
				2C37F6032C8ED898003D7468 /* AuctionDetailScreen.swift */,
				2CB4ED0C2C928AA10065BACC /* AuctionDetailItem.swift */,
				2C439FD42C97D2A600BE7DEE /* AuctionRoomScreen.swift */,
				2C439FD62C97D34400BE7DEE /* AuctionRoomItem.swift */,
				2C439FD82C97D99B00BE7DEE /* AuctionRoomDetailScreen.swift */,
			);
			path = Auction;
			sourceTree = "<group>";
		};
		2C68E1F22C8C2F9D00C8D0A0 /* Product */ = {
			isa = PBXGroup;
			children = (
				2C68E1F32C8C2FB900C8D0A0 /* ItemBuyScreen.swift */,
				2C37F6072C8EDB41003D7468 /* ItemDetailScreen.swift */,
				2C37F6092C8EE189003D7468 /* PictureSlider.swift */,
				2C37F60D2C8EF94B003D7468 /* RateItem.swift */,
			);
			path = Product;
			sourceTree = "<group>";
		};
		2C6B245D2CA3E8F80021CA98 /* Notification */ = {
			isa = PBXGroup;
			children = (
				2C6B245E2CA3E9070021CA98 /* NotificationScreen.swift */,
				2C6B24602CA3F09D0021CA98 /* NotificationRow.swift */,
			);
			path = Notification;
			sourceTree = "<group>";
		};
		2C7EDB462C8946EC005CCAEB /* Auth */ = {
			isa = PBXGroup;
			children = (
				2CDC7E022C77F31100028AC8 /* ActiveScreen.swift */,
				2CC5A2282C5A019300D0035D /* LoginScreen.swift */,
			);
			path = Auth;
			sourceTree = "<group>";
		};
		2C7EDB492C894ADC005CCAEB /* Home */ = {
			isa = PBXGroup;
			children = (
				2C7EDB472C894A8B005CCAEB /* MainTabView.swift */,
				2C7330DD2C89598100A0F092 /* HomeScreen.swift */,
				2C7330E32C89646100A0F092 /* HomeHeader.swift */,
				2C7330E52C896B9A00A0F092 /* FlashSale.swift */,
				2C7330E72C896E8500A0F092 /* FlashSaleItem.swift */,
				2C6E98FF2C8BB37A00241F9C /* RecomendGrid.swift */,
				2C4888662CA3D0A6009E93E6 /* RecommendSectionHeader.swift */,
			);
			path = Home;
			sourceTree = "<group>";
		};
		2C82C9712CB01EE7009784D8 /* Auth */ = {
			isa = PBXGroup;
			children = (
				2C82C9702CB01EE7009784D8 /* LoginAPI.swift */,
			);
			name = Auth;
			path = ../../../Auth;
			sourceTree = "<group>";
		};
		2C82C9742CB01F20009784D8 /* ViewModel */ = {
			isa = PBXGroup;
			children = (
				2C82C9732CB01F20009784D8 /* LoginViewModel.swift */,
			);
			name = ViewModel;
			path = ../../ViewModel;
			sourceTree = "<group>";
		};
		2C8BC30E2CA7DDF00082F075 /* Cart */ = {
			isa = PBXGroup;
			children = (
				2C8BC30F2CA7DDFA0082F075 /* CartScreen.swift */,
				2CEDE5252CAE295700F98469 /* CartItemView.swift */,
			);
			path = Cart;
			sourceTree = "<group>";
		};
		2CA48EF32C76F2BF00569212 /* View */ = {
			isa = PBXGroup;
			children = (
				2C8BC30E2CA7DDF00082F075 /* Cart */,
				2C5920EE2CA7980F004E996F /* Transaction */,
				2C55405F2CA4030800F39C0E /* Order */,
				2C6B245D2CA3E8F80021CA98 /* Notification */,
				2C605DE62C9B07AD0030895B /* Chat */,
				2C68E1F22C8C2F9D00C8D0A0 /* Product */,
				2C68E1EF2C8C203C00C8D0A0 /* Auction */,
				2C7EDB492C894ADC005CCAEB /* Home */,
				2C7EDB462C8946EC005CCAEB /* Auth */,
				2CED22DE2C7C34A50065025B /* General */,
				2CED22DD2C7C34420065025B /* Profile */,
			);
			path = View;
			sourceTree = "<group>";
		};
		2CAA6AAD2CB0224100003EC1 /* ViewModel */ = {
			isa = PBXGroup;
			children = (
				2CAA6AAC2CB0224100003EC1 /* LoginViewModel.swift */,
				2CDE59F82CB0EA8A00CA7FFB /* ProfileViewModel.swift */,
			);
			path = ViewModel;
			sourceTree = "<group>";
		};
		2CAA6AB02CB0226700003EC1 /* Auth */ = {
			isa = PBXGroup;
			children = (
				2CAA6AAF2CB0226700003EC1 /* LoginAPI.swift */,
			);
			path = Auth;
			sourceTree = "<group>";
		};
		2CAA6AB92CB0332000003EC1 /* Constant */ = {
			isa = PBXGroup;
			children = (
				2CAA6ABA2CB0334E00003EC1 /* NamingConstant.swift */,
			);
			path = Constant;
			sourceTree = "<group>";
		};
		2CBFCE682C79D50F00FB73CA /* Model */ = {
			isa = PBXGroup;
			children = (
<<<<<<< Updated upstream
				2CAA6AB02CB0226700003EC1 /* Auth */,
=======
				2C82C9712CB01EE7009784D8 /* Auth */,
>>>>>>> Stashed changes
				2C255F0C2CAD598000280EE9 /* Cart.swift */,
				2C9A5A492CBFE1FC008C4485 /* User.swift */,
			);
			path = Model;
			sourceTree = "<group>";
		};
		2CBFCE6A2C79D51A00FB73CA /* Manager */ = {
			isa = PBXGroup;
			children = (
<<<<<<< Updated upstream
				2CAA6AAA2CB0223500003EC1 /* APIManager.swift */,
=======
				2C82C96E2CB01ED4009784D8 /* APIManager.swift */,
>>>>>>> Stashed changes
				2C8F5B7A2CA2DED100ACF578 /* KeyboardAdaptive.swift */,
				2C8F5B7B2CA2DED100ACF578 /* KeyboardResponder.swift */,
				2CAA6AB72CB0321000003EC1 /* UserSession.swift */,
				2CB106392CB10B9000D4C07B /* WebSocketManager.swift */,
			);
			path = Manager;
			sourceTree = "<group>";
		};
		2CC5A21A2C5A019300D0035D = {
			isa = PBXGroup;
			children = (
				2CC5A2252C5A019300D0035D /* Eppo */,
				2CC5A2242C5A019300D0035D /* Products */,
			);
			sourceTree = "<group>";
		};
		2CC5A2242C5A019300D0035D /* Products */ = {
			isa = PBXGroup;
			children = (
				2CC5A2232C5A019300D0035D /* Eppo.app */,
			);
			name = Products;
			sourceTree = "<group>";
		};
		2CC5A2252C5A019300D0035D /* Eppo */ = {
			isa = PBXGroup;
			children = (
<<<<<<< Updated upstream
				2CAA6AB92CB0332000003EC1 /* Constant */,
				2CAA6AAD2CB0224100003EC1 /* ViewModel */,
=======
				2C82C9742CB01F20009784D8 /* ViewModel */,
>>>>>>> Stashed changes
				2CAD5A682CABC3900038F795 /* Info.plist */,
				2CBFCE6A2C79D51A00FB73CA /* Manager */,
				2CBFCE682C79D50F00FB73CA /* Model */,
				2CA48EF32C76F2BF00569212 /* View */,
				2CC5A2262C5A019300D0035D /* EppoApp.swift */,
				2CC5A22A2C5A019500D0035D /* Assets.xcassets */,
				2CC5A22C2C5A019500D0035D /* Preview Content */,
			);
			path = Eppo;
			sourceTree = "<group>";
		};
		2CC5A22C2C5A019500D0035D /* Preview Content */ = {
			isa = PBXGroup;
			children = (
				2CC5A22D2C5A019500D0035D /* Preview Assets.xcassets */,
			);
			path = "Preview Content";
			sourceTree = "<group>";
		};
		2CED22DD2C7C34420065025B /* Profile */ = {
			isa = PBXGroup;
			children = (
				2CBFCE662C79D1FB00FB73CA /* ProfileScreen.swift */,
				2CDD31542C871FB500B731E0 /* GenderRadioButton.swift */,
				2CED22E12C7C358E0065025B /* BalanceBox.swift */,
				2C78D6012C7D6C8E00204BFE /* CustomSettingNavigationLink.swift */,
				2CDD314D2C87085900B731E0 /* MyAccount.swift */,
				2CDD31562C87297000B731E0 /* EditAvatarButton.swift */,
				2C7900552CA7A01B0015B320 /* CustomButtonImageLabel.swift */,
			);
			path = Profile;
			sourceTree = "<group>";
		};
		2CED22DE2C7C34A50065025B /* General */ = {
			isa = PBXGroup;
			children = (
				2CA48EF42C76F2DC00569212 /* BorderTextField.swift */,
				2C2135582C7992DA0076D82F /* CustomHeaderView.swift */,
				2C21355C2C799E870076D82F /* CustomAvatarHeader.swift */,
				2C21355E2C799F8E0076D82F /* CircleImageView.swift */,
				2CED22DF2C7C34D70065025B /* ContentBox.swift */,
				2C78D5FF2C7D662000204BFE /* CustomButtonImage.swift */,
				2C7330E12C8962E600A0F092 /* SearchBar.swift */,
				2C68E1F52C8C366D00C8D0A0 /* ToBuyItem.swift */,
				2C37F60B2C8EEB85003D7468 /* RatingView.swift */,
				2CDB80982C9143AE0006D3E6 /* ToAuctionItem.swift */,
				2C6C176C2C91E3F6004DB795 /* TimerView.swift */,
				2C6B24622CA3F3020021CA98 /* SingleHeaderView.swift */,
			);
			path = General;
			sourceTree = "<group>";
		};
/* End PBXGroup section */

/* Begin PBXNativeTarget section */
		2CC5A2222C5A019300D0035D /* Eppo */ = {
			isa = PBXNativeTarget;
			buildConfigurationList = 2CC5A2312C5A019500D0035D /* Build configuration list for PBXNativeTarget "Eppo" */;
			buildPhases = (
				2CC5A21F2C5A019300D0035D /* Sources */,
				2CC5A2202C5A019300D0035D /* Frameworks */,
				2CC5A2212C5A019300D0035D /* Resources */,
			);
			buildRules = (
			);
			dependencies = (
			);
			name = Eppo;
			packageProductDependencies = (
<<<<<<< Updated upstream
				2CAA6AB32CB022E200003EC1 /* Alamofire */,
=======
				2C82C96A2CB01E8A009784D8 /* Alamofire */,
>>>>>>> Stashed changes
			);
			productName = eppo;
			productReference = 2CC5A2232C5A019300D0035D /* Eppo.app */;
			productType = "com.apple.product-type.application";
		};
/* End PBXNativeTarget section */

/* Begin PBXProject section */
		2CC5A21B2C5A019300D0035D /* Project object */ = {
			isa = PBXProject;
			attributes = {
				BuildIndependentTargetsInParallel = 1;
				LastSwiftUpdateCheck = 1540;
				LastUpgradeCheck = 1540;
				TargetAttributes = {
					2CC5A2222C5A019300D0035D = {
						CreatedOnToolsVersion = 15.4;
					};
				};
			};
			buildConfigurationList = 2CC5A21E2C5A019300D0035D /* Build configuration list for PBXProject "Eppo" */;
			compatibilityVersion = "Xcode 14.0";
			developmentRegion = vi;
			hasScannedForEncodings = 0;
			knownRegions = (
				Base,
				vi,
			);
			mainGroup = 2CC5A21A2C5A019300D0035D;
			packageReferences = (
<<<<<<< Updated upstream
				2CAA6AB22CB022E200003EC1 /* XCRemoteSwiftPackageReference "Alamofire" */,
=======
				2C82C9692CB01E8A009784D8 /* XCRemoteSwiftPackageReference "Alamofire" */,
>>>>>>> Stashed changes
			);
			productRefGroup = 2CC5A2242C5A019300D0035D /* Products */;
			projectDirPath = "";
			projectRoot = "";
			targets = (
				2CC5A2222C5A019300D0035D /* Eppo */,
			);
		};
/* End PBXProject section */

/* Begin PBXResourcesBuildPhase section */
		2CC5A2212C5A019300D0035D /* Resources */ = {
			isa = PBXResourcesBuildPhase;
			buildActionMask = 2147483647;
			files = (
				2CC5A22E2C5A019500D0035D /* Preview Assets.xcassets in Resources */,
				2CC5A22B2C5A019500D0035D /* Assets.xcassets in Resources */,
			);
			runOnlyForDeploymentPostprocessing = 0;
		};
/* End PBXResourcesBuildPhase section */

/* Begin PBXSourcesBuildPhase section */
		2CC5A21F2C5A019300D0035D /* Sources */ = {
			isa = PBXSourcesBuildPhase;
			buildActionMask = 2147483647;
			files = (
				2C2135592C7992DA0076D82F /* CustomHeaderView.swift in Sources */,
				2C5540612CA4032400F39C0E /* OrderHistoryScreen.swift in Sources */,
				2C7330E62C896B9A00A0F092 /* FlashSale.swift in Sources */,
				2C7900582CA7A3E00015B320 /* TransactionTypeStack.swift in Sources */,
				2C37F6042C8ED898003D7468 /* AuctionDetailScreen.swift in Sources */,
				2C6B24632CA3F3020021CA98 /* SingleHeaderView.swift in Sources */,
				2CDD31552C871FB500B731E0 /* GenderRadioButton.swift in Sources */,
				2C605DEC2C9B0C1C0030895B /* TimelineBox.swift in Sources */,
				2C78D6002C7D662000204BFE /* CustomButtonImage.swift in Sources */,
				2C605DEA2C9B08FD0030895B /* PartnerChatBox.swift in Sources */,
				2CAA6ABB2CB0334E00003EC1 /* NamingConstant.swift in Sources */,
				2C7EDB482C894A8B005CCAEB /* MainTabView.swift in Sources */,
				2C6C176D2C91E3F6004DB795 /* TimerView.swift in Sources */,
				2C5920ED2CA794FA004E996F /* DeliveredOrderRowView.swift in Sources */,
				2C7330E42C89646100A0F092 /* HomeHeader.swift in Sources */,
				2CDD31572C87297000B731E0 /* EditAvatarButton.swift in Sources */,
<<<<<<< Updated upstream
				2CAA6AAB2CB0223500003EC1 /* APIManager.swift in Sources */,
=======
				2C82C96F2CB01ED4009784D8 /* APIManager.swift in Sources */,
>>>>>>> Stashed changes
				2C68E1F12C8C204900C8D0A0 /* AuctionScreen.swift in Sources */,
				2CDE59F92CB0EA8A00CA7FFB /* ProfileViewModel.swift in Sources */,
				2C37F6082C8EDB41003D7468 /* ItemDetailScreen.swift in Sources */,
				2C7330E22C8962E600A0F092 /* SearchBar.swift in Sources */,
				2C7900542CA79FA90015B320 /* OrderButtonLabel.swift in Sources */,
				2CC5A2292C5A019300D0035D /* LoginScreen.swift in Sources */,
				2C605DE82C9B08880030895B /* MyChatBox.swift in Sources */,
				2C9A5A4A2CBFE1FC008C4485 /* User.swift in Sources */,
				2C7900562CA7A01B0015B320 /* CustomButtonImageLabel.swift in Sources */,
				2CB7EC032C9F0924000E1407 /* FooterToolBar.swift in Sources */,
				2C37F60C2C8EEB85003D7468 /* RatingView.swift in Sources */,
				2C68E1F62C8C366D00C8D0A0 /* ToBuyItem.swift in Sources */,
				2C37F60A2C8EE189003D7468 /* PictureSlider.swift in Sources */,
				2C21355F2C799F8E0076D82F /* CircleImageView.swift in Sources */,
				2CDD314E2C87085900B731E0 /* MyAccount.swift in Sources */,
				2CAD5A672CABAAA50038F795 /* RatingStarSubmitionView.swift in Sources */,
				2C21355D2C799E870076D82F /* CustomAvatarHeader.swift in Sources */,
				2C78D6022C7D6C8E00204BFE /* CustomSettingNavigationLink.swift in Sources */,
				2C605DE52C9AFF410030895B /* ChatScreen.swift in Sources */,
				2C8F5B7D2CA2DED100ACF578 /* KeyboardResponder.swift in Sources */,
				2CEDE5262CAE295700F98469 /* CartItemView.swift in Sources */,
				2CDB80992C9143AE0006D3E6 /* ToAuctionItem.swift in Sources */,
				2C5920F22CA79913004E996F /* TransactionHeader.swift in Sources */,
				2CDC7E032C77F31100028AC8 /* ActiveScreen.swift in Sources */,
				2CC5A2272C5A019300D0035D /* EppoApp.swift in Sources */,
				2C6B24612CA3F09D0021CA98 /* NotificationRow.swift in Sources */,
				2C439FD92C97D99B00BE7DEE /* AuctionRoomDetailScreen.swift in Sources */,
				2C7330DE2C89598100A0F092 /* HomeScreen.swift in Sources */,
				2C7330E82C896E8500A0F092 /* FlashSaleItem.swift in Sources */,
				2C8BC30D2CA7D9A30082F075 /* TransactionRow.swift in Sources */,
				2C4888672CA3D0A7009E93E6 /* RecommendSectionHeader.swift in Sources */,
				2CAD5A652CABA9030038F795 /* RatingSubmitView.swift in Sources */,
				2CA48EF52C76F2DC00569212 /* BorderTextField.swift in Sources */,
				2C37F60E2C8EF94B003D7468 /* RateItem.swift in Sources */,
				2CAA6AAE2CB0224100003EC1 /* LoginViewModel.swift in Sources */,
				2CAA6AB82CB0321000003EC1 /* UserSession.swift in Sources */,
				2C6E99002C8BB37A00241F9C /* RecomendGrid.swift in Sources */,
				2CBFCE672C79D1FB00FB73CA /* ProfileScreen.swift in Sources */,
				2C68E1F42C8C2FB900C8D0A0 /* ItemBuyScreen.swift in Sources */,
				2CED22E22C7C358E0065025B /* BalanceBox.swift in Sources */,
				2CB4ED0D2C928AA10065BACC /* AuctionDetailItem.swift in Sources */,
				2C439FD52C97D2A600BE7DEE /* AuctionRoomScreen.swift in Sources */,
				2C82C9722CB01EE7009784D8 /* LoginAPI.swift in Sources */,
				2CED22E02C7C34D70065025B /* ContentBox.swift in Sources */,
				2C255F0D2CAD598000280EE9 /* Cart.swift in Sources */,
				2CB1063A2CB10B9000D4C07B /* WebSocketManager.swift in Sources */,
				2C8F5B7C2CA2DED100ACF578 /* KeyboardAdaptive.swift in Sources */,
				2CAA6AB12CB0226700003EC1 /* LoginAPI.swift in Sources */,
				2C5920F02CA7982C004E996F /* TransactionHistoryScreen.swift in Sources */,
				2C8BC3102CA7DDFA0082F075 /* CartScreen.swift in Sources */,
				2C6B245F2CA3E9070021CA98 /* NotificationScreen.swift in Sources */,
				2C439FD72C97D34400BE7DEE /* AuctionRoomItem.swift in Sources */,
				2C82C9752CB01F20009784D8 /* LoginViewModel.swift in Sources */,
			);
			runOnlyForDeploymentPostprocessing = 0;
		};
/* End PBXSourcesBuildPhase section */

/* Begin XCBuildConfiguration section */
		2CC5A22F2C5A019500D0035D /* Debug */ = {
			isa = XCBuildConfiguration;
			buildSettings = {
				ALWAYS_SEARCH_USER_PATHS = NO;
				ASSETCATALOG_COMPILER_GENERATE_SWIFT_ASSET_SYMBOL_EXTENSIONS = YES;
				CLANG_ANALYZER_NONNULL = YES;
				CLANG_ANALYZER_NUMBER_OBJECT_CONVERSION = YES_AGGRESSIVE;
				CLANG_CXX_LANGUAGE_STANDARD = "gnu++20";
				CLANG_ENABLE_MODULES = YES;
				CLANG_ENABLE_OBJC_ARC = YES;
				CLANG_ENABLE_OBJC_WEAK = YES;
				CLANG_WARN_BLOCK_CAPTURE_AUTORELEASING = YES;
				CLANG_WARN_BOOL_CONVERSION = YES;
				CLANG_WARN_COMMA = YES;
				CLANG_WARN_CONSTANT_CONVERSION = YES;
				CLANG_WARN_DEPRECATED_OBJC_IMPLEMENTATIONS = YES;
				CLANG_WARN_DIRECT_OBJC_ISA_USAGE = YES_ERROR;
				CLANG_WARN_DOCUMENTATION_COMMENTS = YES;
				CLANG_WARN_EMPTY_BODY = YES;
				CLANG_WARN_ENUM_CONVERSION = YES;
				CLANG_WARN_INFINITE_RECURSION = YES;
				CLANG_WARN_INT_CONVERSION = YES;
				CLANG_WARN_NON_LITERAL_NULL_CONVERSION = YES;
				CLANG_WARN_OBJC_IMPLICIT_RETAIN_SELF = YES;
				CLANG_WARN_OBJC_LITERAL_CONVERSION = YES;
				CLANG_WARN_OBJC_ROOT_CLASS = YES_ERROR;
				CLANG_WARN_QUOTED_INCLUDE_IN_FRAMEWORK_HEADER = YES;
				CLANG_WARN_RANGE_LOOP_ANALYSIS = YES;
				CLANG_WARN_STRICT_PROTOTYPES = YES;
				CLANG_WARN_SUSPICIOUS_MOVE = YES;
				CLANG_WARN_UNGUARDED_AVAILABILITY = YES_AGGRESSIVE;
				CLANG_WARN_UNREACHABLE_CODE = YES;
				CLANG_WARN__DUPLICATE_METHOD_MATCH = YES;
				COPY_PHASE_STRIP = NO;
				DEBUG_INFORMATION_FORMAT = dwarf;
				ENABLE_STRICT_OBJC_MSGSEND = YES;
				ENABLE_TESTABILITY = YES;
				ENABLE_USER_SCRIPT_SANDBOXING = YES;
				GCC_C_LANGUAGE_STANDARD = gnu17;
				GCC_DYNAMIC_NO_PIC = NO;
				GCC_NO_COMMON_BLOCKS = YES;
				GCC_OPTIMIZATION_LEVEL = 0;
				GCC_PREPROCESSOR_DEFINITIONS = (
					"DEBUG=1",
					"$(inherited)",
				);
				GCC_WARN_64_TO_32_BIT_CONVERSION = YES;
				GCC_WARN_ABOUT_RETURN_TYPE = YES_ERROR;
				GCC_WARN_UNDECLARED_SELECTOR = YES;
				GCC_WARN_UNINITIALIZED_AUTOS = YES_AGGRESSIVE;
				GCC_WARN_UNUSED_FUNCTION = YES;
				GCC_WARN_UNUSED_VARIABLE = YES;
				IPHONEOS_DEPLOYMENT_TARGET = 17.5;
				LOCALIZATION_PREFERS_STRING_CATALOGS = YES;
				MTL_ENABLE_DEBUG_INFO = INCLUDE_SOURCE;
				MTL_FAST_MATH = YES;
				ONLY_ACTIVE_ARCH = YES;
				SDKROOT = iphoneos;
				SWIFT_ACTIVE_COMPILATION_CONDITIONS = "DEBUG $(inherited)";
				SWIFT_OPTIMIZATION_LEVEL = "-Onone";
			};
			name = Debug;
		};
		2CC5A2302C5A019500D0035D /* Release */ = {
			isa = XCBuildConfiguration;
			buildSettings = {
				ALWAYS_SEARCH_USER_PATHS = NO;
				ASSETCATALOG_COMPILER_GENERATE_SWIFT_ASSET_SYMBOL_EXTENSIONS = YES;
				CLANG_ANALYZER_NONNULL = YES;
				CLANG_ANALYZER_NUMBER_OBJECT_CONVERSION = YES_AGGRESSIVE;
				CLANG_CXX_LANGUAGE_STANDARD = "gnu++20";
				CLANG_ENABLE_MODULES = YES;
				CLANG_ENABLE_OBJC_ARC = YES;
				CLANG_ENABLE_OBJC_WEAK = YES;
				CLANG_WARN_BLOCK_CAPTURE_AUTORELEASING = YES;
				CLANG_WARN_BOOL_CONVERSION = YES;
				CLANG_WARN_COMMA = YES;
				CLANG_WARN_CONSTANT_CONVERSION = YES;
				CLANG_WARN_DEPRECATED_OBJC_IMPLEMENTATIONS = YES;
				CLANG_WARN_DIRECT_OBJC_ISA_USAGE = YES_ERROR;
				CLANG_WARN_DOCUMENTATION_COMMENTS = YES;
				CLANG_WARN_EMPTY_BODY = YES;
				CLANG_WARN_ENUM_CONVERSION = YES;
				CLANG_WARN_INFINITE_RECURSION = YES;
				CLANG_WARN_INT_CONVERSION = YES;
				CLANG_WARN_NON_LITERAL_NULL_CONVERSION = YES;
				CLANG_WARN_OBJC_IMPLICIT_RETAIN_SELF = YES;
				CLANG_WARN_OBJC_LITERAL_CONVERSION = YES;
				CLANG_WARN_OBJC_ROOT_CLASS = YES_ERROR;
				CLANG_WARN_QUOTED_INCLUDE_IN_FRAMEWORK_HEADER = YES;
				CLANG_WARN_RANGE_LOOP_ANALYSIS = YES;
				CLANG_WARN_STRICT_PROTOTYPES = YES;
				CLANG_WARN_SUSPICIOUS_MOVE = YES;
				CLANG_WARN_UNGUARDED_AVAILABILITY = YES_AGGRESSIVE;
				CLANG_WARN_UNREACHABLE_CODE = YES;
				CLANG_WARN__DUPLICATE_METHOD_MATCH = YES;
				COPY_PHASE_STRIP = NO;
				DEBUG_INFORMATION_FORMAT = "dwarf-with-dsym";
				ENABLE_NS_ASSERTIONS = NO;
				ENABLE_STRICT_OBJC_MSGSEND = YES;
				ENABLE_USER_SCRIPT_SANDBOXING = YES;
				GCC_C_LANGUAGE_STANDARD = gnu17;
				GCC_NO_COMMON_BLOCKS = YES;
				GCC_WARN_64_TO_32_BIT_CONVERSION = YES;
				GCC_WARN_ABOUT_RETURN_TYPE = YES_ERROR;
				GCC_WARN_UNDECLARED_SELECTOR = YES;
				GCC_WARN_UNINITIALIZED_AUTOS = YES_AGGRESSIVE;
				GCC_WARN_UNUSED_FUNCTION = YES;
				GCC_WARN_UNUSED_VARIABLE = YES;
				IPHONEOS_DEPLOYMENT_TARGET = 17.5;
				LOCALIZATION_PREFERS_STRING_CATALOGS = YES;
				MTL_ENABLE_DEBUG_INFO = NO;
				MTL_FAST_MATH = YES;
				SDKROOT = iphoneos;
				SWIFT_COMPILATION_MODE = wholemodule;
				VALIDATE_PRODUCT = YES;
			};
			name = Release;
		};
		2CC5A2322C5A019500D0035D /* Debug */ = {
			isa = XCBuildConfiguration;
			buildSettings = {
				ASSETCATALOG_COMPILER_APPICON_NAME = AppIcon;
				ASSETCATALOG_COMPILER_GLOBAL_ACCENT_COLOR_NAME = AccentColor;
				CODE_SIGN_STYLE = Automatic;
				CURRENT_PROJECT_VERSION = 1;
				DEVELOPMENT_ASSET_PATHS = "\"eppo/Preview Content\"";
				DEVELOPMENT_TEAM = U5KX54M7F5;
				ENABLE_PREVIEWS = YES;
				GENERATE_INFOPLIST_FILE = YES;
				INFOPLIST_FILE = Eppo/Info.plist;
				INFOPLIST_KEY_LSApplicationCategoryType = "";
				INFOPLIST_KEY_NSPhotoLibraryUsageDescription = "Ứng dụng cần quyền truy cập vào thư viện ảnh của bạn";
				INFOPLIST_KEY_UIApplicationSceneManifest_Generation = YES;
				INFOPLIST_KEY_UIApplicationSupportsIndirectInputEvents = YES;
				INFOPLIST_KEY_UILaunchScreen_Generation = YES;
				INFOPLIST_KEY_UISupportedInterfaceOrientations = UIInterfaceOrientationPortrait;
				INFOPLIST_KEY_UIUserInterfaceStyle = Light;
				IPHONEOS_DEPLOYMENT_TARGET = 17.0;
				LD_RUNPATH_SEARCH_PATHS = (
					"$(inherited)",
					"@executable_path/Frameworks",
				);
				MARKETING_VERSION = 1.0;
				PRODUCT_BUNDLE_IDENTIFIER = com.tinit.eppo;
				PRODUCT_NAME = "$(TARGET_NAME)";
				SUPPORTED_PLATFORMS = "iphoneos iphonesimulator";
				SUPPORTS_MACCATALYST = NO;
				SUPPORTS_MAC_DESIGNED_FOR_IPHONE_IPAD = NO;
				SUPPORTS_XR_DESIGNED_FOR_IPHONE_IPAD = NO;
				SWIFT_EMIT_LOC_STRINGS = YES;
				SWIFT_VERSION = 5.0;
				TARGETED_DEVICE_FAMILY = 1;
			};
			name = Debug;
		};
		2CC5A2332C5A019500D0035D /* Release */ = {
			isa = XCBuildConfiguration;
			buildSettings = {
				ASSETCATALOG_COMPILER_APPICON_NAME = AppIcon;
				ASSETCATALOG_COMPILER_GLOBAL_ACCENT_COLOR_NAME = AccentColor;
				CODE_SIGN_STYLE = Automatic;
				CURRENT_PROJECT_VERSION = 1;
				DEVELOPMENT_ASSET_PATHS = "\"eppo/Preview Content\"";
				DEVELOPMENT_TEAM = U5KX54M7F5;
				ENABLE_PREVIEWS = YES;
				GENERATE_INFOPLIST_FILE = YES;
				INFOPLIST_FILE = Eppo/Info.plist;
				INFOPLIST_KEY_LSApplicationCategoryType = "";
				INFOPLIST_KEY_NSPhotoLibraryUsageDescription = "Ứng dụng cần quyền truy cập vào thư viện ảnh của bạn";
				INFOPLIST_KEY_UIApplicationSceneManifest_Generation = YES;
				INFOPLIST_KEY_UIApplicationSupportsIndirectInputEvents = YES;
				INFOPLIST_KEY_UILaunchScreen_Generation = YES;
				INFOPLIST_KEY_UISupportedInterfaceOrientations = UIInterfaceOrientationPortrait;
				INFOPLIST_KEY_UIUserInterfaceStyle = Light;
				IPHONEOS_DEPLOYMENT_TARGET = 17.0;
				LD_RUNPATH_SEARCH_PATHS = (
					"$(inherited)",
					"@executable_path/Frameworks",
				);
				MARKETING_VERSION = 1.0;
				PRODUCT_BUNDLE_IDENTIFIER = com.tinit.eppo;
				PRODUCT_NAME = "$(TARGET_NAME)";
				SUPPORTED_PLATFORMS = "iphoneos iphonesimulator";
				SUPPORTS_MACCATALYST = NO;
				SUPPORTS_MAC_DESIGNED_FOR_IPHONE_IPAD = NO;
				SUPPORTS_XR_DESIGNED_FOR_IPHONE_IPAD = NO;
				SWIFT_EMIT_LOC_STRINGS = YES;
				SWIFT_VERSION = 5.0;
				TARGETED_DEVICE_FAMILY = 1;
			};
			name = Release;
		};
/* End XCBuildConfiguration section */

/* Begin XCConfigurationList section */
		2CC5A21E2C5A019300D0035D /* Build configuration list for PBXProject "Eppo" */ = {
			isa = XCConfigurationList;
			buildConfigurations = (
				2CC5A22F2C5A019500D0035D /* Debug */,
				2CC5A2302C5A019500D0035D /* Release */,
			);
			defaultConfigurationIsVisible = 0;
			defaultConfigurationName = Release;
		};
		2CC5A2312C5A019500D0035D /* Build configuration list for PBXNativeTarget "Eppo" */ = {
			isa = XCConfigurationList;
			buildConfigurations = (
				2CC5A2322C5A019500D0035D /* Debug */,
				2CC5A2332C5A019500D0035D /* Release */,
			);
			defaultConfigurationIsVisible = 0;
			defaultConfigurationName = Release;
		};
/* End XCConfigurationList section */

/* Begin XCRemoteSwiftPackageReference section */
<<<<<<< Updated upstream
		2CAA6AB22CB022E200003EC1 /* XCRemoteSwiftPackageReference "Alamofire" */ = {
=======
		2C82C9692CB01E8A009784D8 /* XCRemoteSwiftPackageReference "Alamofire" */ = {
>>>>>>> Stashed changes
			isa = XCRemoteSwiftPackageReference;
			repositoryURL = "https://github.com/Alamofire/Alamofire.git";
			requirement = {
				kind = upToNextMajorVersion;
<<<<<<< Updated upstream
				minimumVersion = 5.9.1;
=======
				minimumVersion = 5.8.1;
>>>>>>> Stashed changes
			};
		};
/* End XCRemoteSwiftPackageReference section */

/* Begin XCSwiftPackageProductDependency section */
<<<<<<< Updated upstream
		2CAA6AB32CB022E200003EC1 /* Alamofire */ = {
			isa = XCSwiftPackageProductDependency;
			package = 2CAA6AB22CB022E200003EC1 /* XCRemoteSwiftPackageReference "Alamofire" */;
=======
		2C82C96A2CB01E8A009784D8 /* Alamofire */ = {
			isa = XCSwiftPackageProductDependency;
			package = 2C82C9692CB01E8A009784D8 /* XCRemoteSwiftPackageReference "Alamofire" */;
>>>>>>> Stashed changes
			productName = Alamofire;
		};
/* End XCSwiftPackageProductDependency section */
	};
	rootObject = 2CC5A21B2C5A019300D0035D /* Project object */;
}
